// !$*UTF8*$!
{
	archiveVersion = 1;
	classes = {
	};
	objectVersion = 56;
	objects = {

/* Begin PBXBuildFile section */
		4D307EC82CAAA99900A22134 /* BackgroundProviderProtocol.swift in Sources */ = {isa = PBXBuildFile; fileRef = 4D307EC72CAAA99900A22134 /* BackgroundProviderProtocol.swift */; };
		4D307ECA2CAAA9C600A22134 /* BackgroundProvidingClass.swift in Sources */ = {isa = PBXBuildFile; fileRef = 4D307EC92CAAA9C600A22134 /* BackgroundProvidingClass.swift */; };
		4D307ECC2CAAAA7100A22134 /* AnotherVC.swift in Sources */ = {isa = PBXBuildFile; fileRef = 4D307ECB2CAAAA7100A22134 /* AnotherVC.swift */; };
		4DEC6C352CA97D0C00B529EC /* AppDelegate.swift in Sources */ = {isa = PBXBuildFile; fileRef = 4DEC6C342CA97D0C00B529EC /* AppDelegate.swift */; };
		4DEC6C372CA97D0C00B529EC /* SceneDelegate.swift in Sources */ = {isa = PBXBuildFile; fileRef = 4DEC6C362CA97D0C00B529EC /* SceneDelegate.swift */; };
		4DEC6C392CA97D0C00B529EC /* ViewController.swift in Sources */ = {isa = PBXBuildFile; fileRef = 4DEC6C382CA97D0C00B529EC /* ViewController.swift */; };
		4DEC6C3C2CA97D0C00B529EC /* Base in Resources */ = {isa = PBXBuildFile; fileRef = 4DEC6C3B2CA97D0C00B529EC /* Base */; };
		4DEC6C3E2CA97D0D00B529EC /* Assets.xcassets in Resources */ = {isa = PBXBuildFile; fileRef = 4DEC6C3D2CA97D0D00B529EC /* Assets.xcassets */; };
		4DEC6C412CA97D0D00B529EC /* Base in Resources */ = {isa = PBXBuildFile; fileRef = 4DEC6C402CA97D0D00B529EC /* Base */; };
		4DEC6C4A2CA97D7B00B529EC /* Swinject in Frameworks */ = {isa = PBXBuildFile; productRef = 4DEC6C492CA97D7B00B529EC /* Swinject */; };
/* End PBXBuildFile section */

/* Begin PBXFileReference section */
		4D307EC72CAAA99900A22134 /* BackgroundProviderProtocol.swift */ = {isa = PBXFileReference; lastKnownFileType = sourcecode.swift; path = BackgroundProviderProtocol.swift; sourceTree = "<group>"; };
		4D307EC92CAAA9C600A22134 /* BackgroundProvidingClass.swift */ = {isa = PBXFileReference; lastKnownFileType = sourcecode.swift; path = BackgroundProvidingClass.swift; sourceTree = "<group>"; };
		4D307ECB2CAAAA7100A22134 /* AnotherVC.swift */ = {isa = PBXFileReference; lastKnownFileType = sourcecode.swift; path = AnotherVC.swift; sourceTree = "<group>"; };
		4DEC6C312CA97D0C00B529EC /* SwiftdependancyInjection.app */ = {isa = PBXFileReference; explicitFileType = wrapper.application; includeInIndex = 0; path = SwiftdependancyInjection.app; sourceTree = BUILT_PRODUCTS_DIR; };
		4DEC6C342CA97D0C00B529EC /* AppDelegate.swift */ = {isa = PBXFileReference; lastKnownFileType = sourcecode.swift; path = AppDelegate.swift; sourceTree = "<group>"; };
		4DEC6C362CA97D0C00B529EC /* SceneDelegate.swift */ = {isa = PBXFileReference; lastKnownFileType = sourcecode.swift; path = SceneDelegate.swift; sourceTree = "<group>"; };
		4DEC6C382CA97D0C00B529EC /* ViewController.swift */ = {isa = PBXFileReference; lastKnownFileType = sourcecode.swift; path = ViewController.swift; sourceTree = "<group>"; };
		4DEC6C3B2CA97D0C00B529EC /* Base */ = {isa = PBXFileReference; lastKnownFileType = file.storyboard; name = Base; path = Base.lproj/Main.storyboard; sourceTree = "<group>"; };
		4DEC6C3D2CA97D0D00B529EC /* Assets.xcassets */ = {isa = PBXFileReference; lastKnownFileType = folder.assetcatalog; path = Assets.xcassets; sourceTree = "<group>"; };
		4DEC6C402CA97D0D00B529EC /* Base */ = {isa = PBXFileReference; lastKnownFileType = file.storyboard; name = Base; path = Base.lproj/LaunchScreen.storyboard; sourceTree = "<group>"; };
		4DEC6C422CA97D0D00B529EC /* Info.plist */ = {isa = PBXFileReference; lastKnownFileType = text.plist.xml; path = Info.plist; sourceTree = "<group>"; };
/* End PBXFileReference section */

/* Begin PBXFrameworksBuildPhase section */
		4DEC6C2E2CA97D0C00B529EC /* Frameworks */ = {
			isa = PBXFrameworksBuildPhase;
			buildActionMask = 2147483647;
			files = (
				4DEC6C4A2CA97D7B00B529EC /* Swinject in Frameworks */,
			);
			runOnlyForDeploymentPostprocessing = 0;
		};
/* End PBXFrameworksBuildPhase section */

/* Begin PBXGroup section */
		4DEC6C282CA97D0C00B529EC = {
			isa = PBXGroup;
			children = (
				4DEC6C332CA97D0C00B529EC /* SwiftdependancyInjection */,
				4DEC6C322CA97D0C00B529EC /* Products */,
			);
			sourceTree = "<group>";
		};
		4DEC6C322CA97D0C00B529EC /* Products */ = {
			isa = PBXGroup;
			children = (
				4DEC6C312CA97D0C00B529EC /* SwiftdependancyInjection.app */,
			);
			name = Products;
			sourceTree = "<group>";
		};
		4DEC6C332CA97D0C00B529EC /* SwiftdependancyInjection */ = {
			isa = PBXGroup;
			children = (
				4DEC6C342CA97D0C00B529EC /* AppDelegate.swift */,
				4DEC6C362CA97D0C00B529EC /* SceneDelegate.swift */,
				4DEC6C382CA97D0C00B529EC /* ViewController.swift */,
				4D307EC72CAAA99900A22134 /* BackgroundProviderProtocol.swift */,
				4D307EC92CAAA9C600A22134 /* BackgroundProvidingClass.swift */,
				4D307ECB2CAAAA7100A22134 /* AnotherVC.swift */,
				4DEC6C3A2CA97D0C00B529EC /* Main.storyboard */,
				4DEC6C3D2CA97D0D00B529EC /* Assets.xcassets */,
				4DEC6C3F2CA97D0D00B529EC /* LaunchScreen.storyboard */,
				4DEC6C422CA97D0D00B529EC /* Info.plist */,
			);
			path = SwiftdependancyInjection;
			sourceTree = "<group>";
		};
/* End PBXGroup section */

/* Begin PBXNativeTarget section */
		4DEC6C302CA97D0C00B529EC /* SwiftdependancyInjection */ = {
			isa = PBXNativeTarget;
			buildConfigurationList = 4DEC6C452CA97D0D00B529EC /* Build configuration list for PBXNativeTarget "SwiftdependancyInjection" */;
			buildPhases = (
				4DEC6C2D2CA97D0C00B529EC /* Sources */,
				4DEC6C2E2CA97D0C00B529EC /* Frameworks */,
				4DEC6C2F2CA97D0C00B529EC /* Resources */,
			);
			buildRules = (
			);
			dependencies = (
			);
			name = SwiftdependancyInjection;
			packageProductDependencies = (
				4DEC6C492CA97D7B00B529EC /* Swinject */,
			);
			productName = SwiftdependancyInjection;
			productReference = 4DEC6C312CA97D0C00B529EC /* SwiftdependancyInjection.app */;
			productType = "com.apple.product-type.application";
		};
/* End PBXNativeTarget section */

/* Begin PBXProject section */
		4DEC6C292CA97D0C00B529EC /* Project object */ = {
			isa = PBXProject;
			attributes = {
				BuildIndependentTargetsInParallel = 1;
				LastSwiftUpdateCheck = 1540;
				LastUpgradeCheck = 1540;
				TargetAttributes = {
					4DEC6C302CA97D0C00B529EC = {
						CreatedOnToolsVersion = 15.4;
					};
				};
			};
			buildConfigurationList = 4DEC6C2C2CA97D0C00B529EC /* Build configuration list for PBXProject "SwiftdependancyInjection" */;
			compatibilityVersion = "Xcode 14.0";
			developmentRegion = en;
			hasScannedForEncodings = 0;
			knownRegions = (
				en,
				Base,
			);
			mainGroup = 4DEC6C282CA97D0C00B529EC;
			packageReferences = (
				4DEC6C482CA97D7B00B529EC /* XCRemoteSwiftPackageReference "Swinject" */,
			);
			productRefGroup = 4DEC6C322CA97D0C00B529EC /* Products */;
			projectDirPath = "";
			projectRoot = "";
			targets = (
				4DEC6C302CA97D0C00B529EC /* SwiftdependancyInjection */,
			);
		};
/* End PBXProject section */

/* Begin PBXResourcesBuildPhase section */
		4DEC6C2F2CA97D0C00B529EC /* Resources */ = {
			isa = PBXResourcesBuildPhase;
			buildActionMask = 2147483647;
			files = (
				4DEC6C3E2CA97D0D00B529EC /* Assets.xcassets in Resources */,
				4DEC6C412CA97D0D00B529EC /* Base in Resources */,
				4DEC6C3C2CA97D0C00B529EC /* Base in Resources */,
			);
			runOnlyForDeploymentPostprocessing = 0;
		};
/* End PBXResourcesBuildPhase section */

/* Begin PBXSourcesBuildPhase section */
		4DEC6C2D2CA97D0C00B529EC /* Sources */ = {
			isa = PBXSourcesBuildPhase;
			buildActionMask = 2147483647;
			files = (
				4D307EC82CAAA99900A22134 /* BackgroundProviderProtocol.swift in Sources */,
				4DEC6C392CA97D0C00B529EC /* ViewController.swift in Sources */,
				4DEC6C352CA97D0C00B529EC /* AppDelegate.swift in Sources */,
				4D307ECA2CAAA9C600A22134 /* BackgroundProvidingClass.swift in Sources */,
				4D307ECC2CAAAA7100A22134 /* AnotherVC.swift in Sources */,
				4DEC6C372CA97D0C00B529EC /* SceneDelegate.swift in Sources */,
			);
			runOnlyForDeploymentPostprocessing = 0;
		};
/* End PBXSourcesBuildPhase section */

/* Begin PBXVariantGroup section */
		4DEC6C3A2CA97D0C00B529EC /* Main.storyboard */ = {
			isa = PBXVariantGroup;
			children = (
				4DEC6C3B2CA97D0C00B529EC /* Base */,
			);
			name = Main.storyboard;
			sourceTree = "<group>";
		};
		4DEC6C3F2CA97D0D00B529EC /* LaunchScreen.storyboard */ = {
			isa = PBXVariantGroup;
			children = (
				4DEC6C402CA97D0D00B529EC /* Base */,
			);
			name = LaunchScreen.storyboard;
			sourceTree = "<group>";
		};
/* End PBXVariantGroup section */

/* Begin XCBuildConfiguration section */
		4DEC6C432CA97D0D00B529EC /* Debug */ = {
			isa = XCBuildConfiguration;
			buildSettings = {
				ALWAYS_SEARCH_USER_PATHS = NO;
				ASSETCATALOG_COMPILER_GENERATE_SWIFT_ASSET_SYMBOL_EXTENSIONS = YES;
				CLANG_ANALYZER_NONNULL = YES;
				CLANG_ANALYZER_NUMBER_OBJECT_CONVERSION = YES_AGGRESSIVE;
				CLANG_CXX_LANGUAGE_STANDARD = "gnu++20";
				CLANG_ENABLE_MODULES = YES;
				CLANG_ENABLE_OBJC_ARC = YES;
				CLANG_ENABLE_OBJC_WEAK = YES;
				CLANG_WARN_BLOCK_CAPTURE_AUTORELEASING = YES;
				CLANG_WARN_BOOL_CONVERSION = YES;
				CLANG_WARN_COMMA = YES;
				CLANG_WARN_CONSTANT_CONVERSION = YES;
				CLANG_WARN_DEPRECATED_OBJC_IMPLEMENTATIONS = YES;
				CLANG_WARN_DIRECT_OBJC_ISA_USAGE = YES_ERROR;
				CLANG_WARN_DOCUMENTATION_COMMENTS = YES;
				CLANG_WARN_EMPTY_BODY = YES;
				CLANG_WARN_ENUM_CONVERSION = YES;
				CLANG_WARN_INFINITE_RECURSION = YES;
				CLANG_WARN_INT_CONVERSION = YES;
				CLANG_WARN_NON_LITERAL_NULL_CONVERSION = YES;
				CLANG_WARN_OBJC_IMPLICIT_RETAIN_SELF = YES;
				CLANG_WARN_OBJC_LITERAL_CONVERSION = YES;
				CLANG_WARN_OBJC_ROOT_CLASS = YES_ERROR;
				CLANG_WARN_QUOTED_INCLUDE_IN_FRAMEWORK_HEADER = YES;
				CLANG_WARN_RANGE_LOOP_ANALYSIS = YES;
				CLANG_WARN_STRICT_PROTOTYPES = YES;
				CLANG_WARN_SUSPICIOUS_MOVE = YES;
				CLANG_WARN_UNGUARDED_AVAILABILITY = YES_AGGRESSIVE;
				CLANG_WARN_UNREACHABLE_CODE = YES;
				CLANG_WARN__DUPLICATE_METHOD_MATCH = YES;
				COPY_PHASE_STRIP = NO;
				DEBUG_INFORMATION_FORMAT = dwarf;
				ENABLE_STRICT_OBJC_MSGSEND = YES;
				ENABLE_TESTABILITY = YES;
				ENABLE_USER_SCRIPT_SANDBOXING = YES;
				GCC_C_LANGUAGE_STANDARD = gnu17;
				GCC_DYNAMIC_NO_PIC = NO;
				GCC_NO_COMMON_BLOCKS = YES;
				GCC_OPTIMIZATION_LEVEL = 0;
				GCC_PREPROCESSOR_DEFINITIONS = (
					"DEBUG=1",
					"$(inherited)",
				);
				GCC_WARN_64_TO_32_BIT_CONVERSION = YES;
				GCC_WARN_ABOUT_RETURN_TYPE = YES_ERROR;
				GCC_WARN_UNDECLARED_SELECTOR = YES;
				GCC_WARN_UNINITIALIZED_AUTOS = YES_AGGRESSIVE;
				GCC_WARN_UNUSED_FUNCTION = YES;
				GCC_WARN_UNUSED_VARIABLE = YES;
				IPHONEOS_DEPLOYMENT_TARGET = 17.5;
				LOCALIZATION_PREFERS_STRING_CATALOGS = YES;
				MTL_ENABLE_DEBUG_INFO = INCLUDE_SOURCE;
				MTL_FAST_MATH = YES;
				ONLY_ACTIVE_ARCH = YES;
				SDKROOT = iphoneos;
				SWIFT_ACTIVE_COMPILATION_CONDITIONS = "DEBUG $(inherited)";
				SWIFT_OPTIMIZATION_LEVEL = "-Onone";
			};
			name = Debug;
		};
		4DEC6C442CA97D0D00B529EC /* Release */ = {
			isa = XCBuildConfiguration;
			buildSettings = {
				ALWAYS_SEARCH_USER_PATHS = NO;
				ASSETCATALOG_COMPILER_GENERATE_SWIFT_ASSET_SYMBOL_EXTENSIONS = YES;
				CLANG_ANALYZER_NONNULL = YES;
				CLANG_ANALYZER_NUMBER_OBJECT_CONVERSION = YES_AGGRESSIVE;
				CLANG_CXX_LANGUAGE_STANDARD = "gnu++20";
				CLANG_ENABLE_MODULES = YES;
				CLANG_ENABLE_OBJC_ARC = YES;
				CLANG_ENABLE_OBJC_WEAK = YES;
				CLANG_WARN_BLOCK_CAPTURE_AUTORELEASING = YES;
				CLANG_WARN_BOOL_CONVERSION = YES;
				CLANG_WARN_COMMA = YES;
				CLANG_WARN_CONSTANT_CONVERSION = YES;
				CLANG_WARN_DEPRECATED_OBJC_IMPLEMENTATIONS = YES;
				CLANG_WARN_DIRECT_OBJC_ISA_USAGE = YES_ERROR;
				CLANG_WARN_DOCUMENTATION_COMMENTS = YES;
				CLANG_WARN_EMPTY_BODY = YES;
				CLANG_WARN_ENUM_CONVERSION = YES;
				CLANG_WARN_INFINITE_RECURSION = YES;
				CLANG_WARN_INT_CONVERSION = YES;
				CLANG_WARN_NON_LITERAL_NULL_CONVERSION = YES;
				CLANG_WARN_OBJC_IMPLICIT_RETAIN_SELF = YES;
				CLANG_WARN_OBJC_LITERAL_CONVERSION = YES;
				CLANG_WARN_OBJC_ROOT_CLASS = YES_ERROR;
				CLANG_WARN_QUOTED_INCLUDE_IN_FRAMEWORK_HEADER = YES;
				CLANG_WARN_RANGE_LOOP_ANALYSIS = YES;
				CLANG_WARN_STRICT_PROTOTYPES = YES;
				CLANG_WARN_SUSPICIOUS_MOVE = YES;
				CLANG_WARN_UNGUARDED_AVAILABILITY = YES_AGGRESSIVE;
				CLANG_WARN_UNREACHABLE_CODE = YES;
				CLANG_WARN__DUPLICATE_METHOD_MATCH = YES;
				COPY_PHASE_STRIP = NO;
				DEBUG_INFORMATION_FORMAT = "dwarf-with-dsym";
				ENABLE_NS_ASSERTIONS = NO;
				ENABLE_STRICT_OBJC_MSGSEND = YES;
				ENABLE_USER_SCRIPT_SANDBOXING = YES;
				GCC_C_LANGUAGE_STANDARD = gnu17;
				GCC_NO_COMMON_BLOCKS = YES;
				GCC_WARN_64_TO_32_BIT_CONVERSION = YES;
				GCC_WARN_ABOUT_RETURN_TYPE = YES_ERROR;
				GCC_WARN_UNDECLARED_SELECTOR = YES;
				GCC_WARN_UNINITIALIZED_AUTOS = YES_AGGRESSIVE;
				GCC_WARN_UNUSED_FUNCTION = YES;
				GCC_WARN_UNUSED_VARIABLE = YES;
				IPHONEOS_DEPLOYMENT_TARGET = 17.5;
				LOCALIZATION_PREFERS_STRING_CATALOGS = YES;
				MTL_ENABLE_DEBUG_INFO = NO;
				MTL_FAST_MATH = YES;
				SDKROOT = iphoneos;
				SWIFT_COMPILATION_MODE = wholemodule;
				VALIDATE_PRODUCT = YES;
			};
			name = Release;
		};
		4DEC6C462CA97D0D00B529EC /* Debug */ = {
			isa = XCBuildConfiguration;
			buildSettings = {
				ASSETCATALOG_COMPILER_APPICON_NAME = AppIcon;
				ASSETCATALOG_COMPILER_GLOBAL_ACCENT_COLOR_NAME = AccentColor;
				CODE_SIGN_STYLE = Automatic;
				CURRENT_PROJECT_VERSION = 1;
				DEVELOPMENT_TEAM = UQ8H4Z2MPG;
				GENERATE_INFOPLIST_FILE = YES;
				INFOPLIST_FILE = SwiftdependancyInjection/Info.plist;
				INFOPLIST_KEY_UIApplicationSupportsIndirectInputEvents = YES;
				INFOPLIST_KEY_UILaunchStoryboardName = LaunchScreen;
				INFOPLIST_KEY_UIMainStoryboardFile = Main;
				INFOPLIST_KEY_UISupportedInterfaceOrientations_iPad = "UIInterfaceOrientationPortrait UIInterfaceOrientationPortraitUpsideDown UIInterfaceOrientationLandscapeLeft UIInterfaceOrientationLandscapeRight";
				INFOPLIST_KEY_UISupportedInterfaceOrientations_iPhone = "UIInterfaceOrientationPortrait UIInterfaceOrientationLandscapeLeft UIInterfaceOrientationLandscapeRight";
				LD_RUNPATH_SEARCH_PATHS = (
					"$(inherited)",
					"@executable_path/Frameworks",
				);
				MARKETING_VERSION = 1.0;
				PRODUCT_BUNDLE_IDENTIFIER = com.dilarakdeniz.SwiftdependancyInjection;
				PRODUCT_NAME = "$(TARGET_NAME)";
				SWIFT_EMIT_LOC_STRINGS = YES;
				SWIFT_VERSION = 5.0;
				TARGETED_DEVICE_FAMILY = "1,2";
			};
			name = Debug;
		};
		4DEC6C472CA97D0D00B529EC /* Release */ = {
			isa = XCBuildConfiguration;
			buildSettings = {
				ASSETCATALOG_COMPILER_APPICON_NAME = AppIcon;
				ASSETCATALOG_COMPILER_GLOBAL_ACCENT_COLOR_NAME = AccentColor;
				CODE_SIGN_STYLE = Automatic;
				CURRENT_PROJECT_VERSION = 1;
				DEVELOPMENT_TEAM = UQ8H4Z2MPG;
				GENERATE_INFOPLIST_FILE = YES;
				INFOPLIST_FILE = SwiftdependancyInjection/Info.plist;
				INFOPLIST_KEY_UIApplicationSupportsIndirectInputEvents = YES;
				INFOPLIST_KEY_UILaunchStoryboardName = LaunchScreen;
				INFOPLIST_KEY_UIMainStoryboardFile = Main;
				INFOPLIST_KEY_UISupportedInterfaceOrientations_iPad = "UIInterfaceOrientationPortrait UIInterfaceOrientationPortraitUpsideDown UIInterfaceOrientationLandscapeLeft UIInterfaceOrientationLandscapeRight";
				INFOPLIST_KEY_UISupportedInterfaceOrientations_iPhone = "UIInterfaceOrientationPortrait UIInterfaceOrientationLandscapeLeft UIInterfaceOrientationLandscapeRight";
				LD_RUNPATH_SEARCH_PATHS = (
					"$(inherited)",
					"@executable_path/Frameworks",
				);
				MARKETING_VERSION = 1.0;
				PRODUCT_BUNDLE_IDENTIFIER = com.dilarakdeniz.SwiftdependancyInjection;
				PRODUCT_NAME = "$(TARGET_NAME)";
				SWIFT_EMIT_LOC_STRINGS = YES;
				SWIFT_VERSION = 5.0;
				TARGETED_DEVICE_FAMILY = "1,2";
			};
			name = Release;
		};
/* End XCBuildConfiguration section */

/* Begin XCConfigurationList section */
		4DEC6C2C2CA97D0C00B529EC /* Build configuration list for PBXProject "SwiftdependancyInjection" */ = {
			isa = XCConfigurationList;
			buildConfigurations = (
				4DEC6C432CA97D0D00B529EC /* Debug */,
				4DEC6C442CA97D0D00B529EC /* Release */,
			);
			defaultConfigurationIsVisible = 0;
			defaultConfigurationName = Release;
		};
		4DEC6C452CA97D0D00B529EC /* Build configuration list for PBXNativeTarget "SwiftdependancyInjection" */ = {
			isa = XCConfigurationList;
			buildConfigurations = (
				4DEC6C462CA97D0D00B529EC /* Debug */,
				4DEC6C472CA97D0D00B529EC /* Release */,
			);
			defaultConfigurationIsVisible = 0;
			defaultConfigurationName = Release;
		};
/* End XCConfigurationList section */

/* Begin XCRemoteSwiftPackageReference section */
		4DEC6C482CA97D7B00B529EC /* XCRemoteSwiftPackageReference "Swinject" */ = {
			isa = XCRemoteSwiftPackageReference;
			repositoryURL = "https://github.com/Swinject/Swinject.git";
			requirement = {
				kind = upToNextMajorVersion;
				minimumVersion = 2.9.1;
			};
		};
/* End XCRemoteSwiftPackageReference section */

/* Begin XCSwiftPackageProductDependency section */
		4DEC6C492CA97D7B00B529EC /* Swinject */ = {
			isa = XCSwiftPackageProductDependency;
			package = 4DEC6C482CA97D7B00B529EC /* XCRemoteSwiftPackageReference "Swinject" */;
			productName = Swinject;
		};
/* End XCSwiftPackageProductDependency section */
	};
	rootObject = 4DEC6C292CA97D0C00B529EC /* Project object */;
}
